// !$*UTF8*$!
{
	archiveVersion = 1;
	classes = {
	};
	objectVersion = 50;
	objects = {

/* Begin PBXBuildFile section */
		37B5D61624FB05470050ACE8 /* AppDelegate.swift in Sources */ = {isa = PBXBuildFile; fileRef = 37B5D61524FB05470050ACE8 /* AppDelegate.swift */; };
		37B5D61824FB05470050ACE8 /* SceneDelegate.swift in Sources */ = {isa = PBXBuildFile; fileRef = 37B5D61724FB05470050ACE8 /* SceneDelegate.swift */; };
		37B5D61A24FB05470050ACE8 /* ViewController.swift in Sources */ = {isa = PBXBuildFile; fileRef = 37B5D61924FB05470050ACE8 /* ViewController.swift */; };
		37B5D61D24FB05470050ACE8 /* Main.storyboard in Resources */ = {isa = PBXBuildFile; fileRef = 37B5D61B24FB05470050ACE8 /* Main.storyboard */; };
		37B5D61F24FB054E0050ACE8 /* Assets.xcassets in Resources */ = {isa = PBXBuildFile; fileRef = 37B5D61E24FB054E0050ACE8 /* Assets.xcassets */; };
		37B5D62224FB054E0050ACE8 /* LaunchScreen.storyboard in Resources */ = {isa = PBXBuildFile; fileRef = 37B5D62024FB054E0050ACE8 /* LaunchScreen.storyboard */; };
		37B5D62D24FB054E0050ACE8 /* tipTests.swift in Sources */ = {isa = PBXBuildFile; fileRef = 37B5D62C24FB054E0050ACE8 /* tipTests.swift */; };
		37B5D63824FB054E0050ACE8 /* tipUITests.swift in Sources */ = {isa = PBXBuildFile; fileRef = 37B5D63724FB054E0050ACE8 /* tipUITests.swift */; };
/* End PBXBuildFile section */

/* Begin PBXContainerItemProxy section */
		37B5D62924FB054E0050ACE8 /* PBXContainerItemProxy */ = {
			isa = PBXContainerItemProxy;
			containerPortal = 37B5D60A24FB05470050ACE8 /* Project object */;
			proxyType = 1;
			remoteGlobalIDString = 37B5D61124FB05470050ACE8;
			remoteInfo = tip;
		};
		37B5D63424FB054E0050ACE8 /* PBXContainerItemProxy */ = {
			isa = PBXContainerItemProxy;
			containerPortal = 37B5D60A24FB05470050ACE8 /* Project object */;
			proxyType = 1;
			remoteGlobalIDString = 37B5D61124FB05470050ACE8;
			remoteInfo = tip;
		};
/* End PBXContainerItemProxy section */

/* Begin PBXFileReference section */
		37B5D61224FB05470050ACE8 /* tip.app */ = {isa = PBXFileReference; explicitFileType = wrapper.application; includeInIndex = 0; path = tip.app; sourceTree = BUILT_PRODUCTS_DIR; };
		37B5D61524FB05470050ACE8 /* AppDelegate.swift */ = {isa = PBXFileReference; lastKnownFileType = sourcecode.swift; path = AppDelegate.swift; sourceTree = "<group>"; };
		37B5D61724FB05470050ACE8 /* SceneDelegate.swift */ = {isa = PBXFileReference; lastKnownFileType = sourcecode.swift; path = SceneDelegate.swift; sourceTree = "<group>"; };
		37B5D61924FB05470050ACE8 /* ViewController.swift */ = {isa = PBXFileReference; lastKnownFileType = sourcecode.swift; path = ViewController.swift; sourceTree = "<group>"; };
		37B5D61C24FB05470050ACE8 /* Base */ = {isa = PBXFileReference; lastKnownFileType = file.storyboard; name = Base; path = Base.lproj/Main.storyboard; sourceTree = "<group>"; };
		37B5D61E24FB054E0050ACE8 /* Assets.xcassets */ = {isa = PBXFileReference; lastKnownFileType = folder.assetcatalog; path = Assets.xcassets; sourceTree = "<group>"; };
		37B5D62124FB054E0050ACE8 /* Base */ = {isa = PBXFileReference; lastKnownFileType = file.storyboard; name = Base; path = Base.lproj/LaunchScreen.storyboard; sourceTree = "<group>"; };
		37B5D62324FB054E0050ACE8 /* Info.plist */ = {isa = PBXFileReference; lastKnownFileType = text.plist.xml; path = Info.plist; sourceTree = "<group>"; };
		37B5D62824FB054E0050ACE8 /* tipTests.xctest */ = {isa = PBXFileReference; explicitFileType = wrapper.cfbundle; includeInIndex = 0; path = tipTests.xctest; sourceTree = BUILT_PRODUCTS_DIR; };
		37B5D62C24FB054E0050ACE8 /* tipTests.swift */ = {isa = PBXFileReference; lastKnownFileType = sourcecode.swift; path = tipTests.swift; sourceTree = "<group>"; };
		37B5D62E24FB054E0050ACE8 /* Info.plist */ = {isa = PBXFileReference; lastKnownFileType = text.plist.xml; path = Info.plist; sourceTree = "<group>"; };
		37B5D63324FB054E0050ACE8 /* tipUITests.xctest */ = {isa = PBXFileReference; explicitFileType = wrapper.cfbundle; includeInIndex = 0; path = tipUITests.xctest; sourceTree = BUILT_PRODUCTS_DIR; };
		37B5D63724FB054E0050ACE8 /* tipUITests.swift */ = {isa = PBXFileReference; lastKnownFileType = sourcecode.swift; path = tipUITests.swift; sourceTree = "<group>"; };
		37B5D63924FB054E0050ACE8 /* Info.plist */ = {isa = PBXFileReference; lastKnownFileType = text.plist.xml; path = Info.plist; sourceTree = "<group>"; };
/* End PBXFileReference section */

/* Begin PBXFrameworksBuildPhase section */
		37B5D60F24FB05470050ACE8 /* Frameworks */ = {
			isa = PBXFrameworksBuildPhase;
			buildActionMask = 2147483647;
			files = (
			);
			runOnlyForDeploymentPostprocessing = 0;
		};
		37B5D62524FB054E0050ACE8 /* Frameworks */ = {
			isa = PBXFrameworksBuildPhase;
			buildActionMask = 2147483647;
			files = (
			);
			runOnlyForDeploymentPostprocessing = 0;
		};
		37B5D63024FB054E0050ACE8 /* Frameworks */ = {
			isa = PBXFrameworksBuildPhase;
			buildActionMask = 2147483647;
			files = (
			);
			runOnlyForDeploymentPostprocessing = 0;
		};
/* End PBXFrameworksBuildPhase section */

/* Begin PBXGroup section */
		37B5D60924FB05470050ACE8 = {
			isa = PBXGroup;
			children = (
				37B5D61424FB05470050ACE8 /* tip */,
				37B5D62B24FB054E0050ACE8 /* tipTests */,
				37B5D63624FB054E0050ACE8 /* tipUITests */,
				37B5D61324FB05470050ACE8 /* Products */,
			);
			sourceTree = "<group>";
		};
		37B5D61324FB05470050ACE8 /* Products */ = {
			isa = PBXGroup;
			children = (
				37B5D61224FB05470050ACE8 /* tip.app */,
				37B5D62824FB054E0050ACE8 /* tipTests.xctest */,
				37B5D63324FB054E0050ACE8 /* tipUITests.xctest */,
			);
			name = Products;
			sourceTree = "<group>";
		};
		37B5D61424FB05470050ACE8 /* tip */ = {
			isa = PBXGroup;
			children = (
				37B5D61524FB05470050ACE8 /* AppDelegate.swift */,
				37B5D61724FB05470050ACE8 /* SceneDelegate.swift */,
				37B5D61924FB05470050ACE8 /* ViewController.swift */,
				37B5D61B24FB05470050ACE8 /* Main.storyboard */,
				37B5D61E24FB054E0050ACE8 /* Assets.xcassets */,
				37B5D62024FB054E0050ACE8 /* LaunchScreen.storyboard */,
				37B5D62324FB054E0050ACE8 /* Info.plist */,
			);
			path = tip;
			sourceTree = "<group>";
		};
		37B5D62B24FB054E0050ACE8 /* tipTests */ = {
			isa = PBXGroup;
			children = (
				37B5D62C24FB054E0050ACE8 /* tipTests.swift */,
				37B5D62E24FB054E0050ACE8 /* Info.plist */,
			);
			path = tipTests;
			sourceTree = "<group>";
		};
		37B5D63624FB054E0050ACE8 /* tipUITests */ = {
			isa = PBXGroup;
			children = (
				37B5D63724FB054E0050ACE8 /* tipUITests.swift */,
				37B5D63924FB054E0050ACE8 /* Info.plist */,
			);
			path = tipUITests;
			sourceTree = "<group>";
		};
/* End PBXGroup section */

/* Begin PBXNativeTarget section */
		37B5D61124FB05470050ACE8 /* tip */ = {
			isa = PBXNativeTarget;
			buildConfigurationList = 37B5D63C24FB054E0050ACE8 /* Build configuration list for PBXNativeTarget "tip" */;
			buildPhases = (
				37B5D60E24FB05470050ACE8 /* Sources */,
				37B5D60F24FB05470050ACE8 /* Frameworks */,
				37B5D61024FB05470050ACE8 /* Resources */,
			);
			buildRules = (
			);
			dependencies = (
			);
			name = tip;
			productName = tip;
			productReference = 37B5D61224FB05470050ACE8 /* tip.app */;
			productType = "com.apple.product-type.application";
		};
		37B5D62724FB054E0050ACE8 /* tipTests */ = {
			isa = PBXNativeTarget;
			buildConfigurationList = 37B5D63F24FB054E0050ACE8 /* Build configuration list for PBXNativeTarget "tipTests" */;
			buildPhases = (
				37B5D62424FB054E0050ACE8 /* Sources */,
				37B5D62524FB054E0050ACE8 /* Frameworks */,
				37B5D62624FB054E0050ACE8 /* Resources */,
			);
			buildRules = (
			);
			dependencies = (
				37B5D62A24FB054E0050ACE8 /* PBXTargetDependency */,
			);
			name = tipTests;
			productName = tipTests;
			productReference = 37B5D62824FB054E0050ACE8 /* tipTests.xctest */;
			productType = "com.apple.product-type.bundle.unit-test";
		};
		37B5D63224FB054E0050ACE8 /* tipUITests */ = {
			isa = PBXNativeTarget;
			buildConfigurationList = 37B5D64224FB054E0050ACE8 /* Build configuration list for PBXNativeTarget "tipUITests" */;
			buildPhases = (
				37B5D62F24FB054E0050ACE8 /* Sources */,
				37B5D63024FB054E0050ACE8 /* Frameworks */,
				37B5D63124FB054E0050ACE8 /* Resources */,
			);
			buildRules = (
			);
			dependencies = (
				37B5D63524FB054E0050ACE8 /* PBXTargetDependency */,
			);
			name = tipUITests;
			productName = tipUITests;
			productReference = 37B5D63324FB054E0050ACE8 /* tipUITests.xctest */;
			productType = "com.apple.product-type.bundle.ui-testing";
		};
/* End PBXNativeTarget section */

/* Begin PBXProject section */
		37B5D60A24FB05470050ACE8 /* Project object */ = {
			isa = PBXProject;
			attributes = {
				LastSwiftUpdateCheck = 1160;
				LastUpgradeCheck = 1160;
				ORGANIZATIONNAME = Codepath;
				TargetAttributes = {
					37B5D61124FB05470050ACE8 = {
						CreatedOnToolsVersion = 11.6;
					};
					37B5D62724FB054E0050ACE8 = {
						CreatedOnToolsVersion = 11.6;
						TestTargetID = 37B5D61124FB05470050ACE8;
					};
					37B5D63224FB054E0050ACE8 = {
						CreatedOnToolsVersion = 11.6;
						TestTargetID = 37B5D61124FB05470050ACE8;
					};
				};
			};
			buildConfigurationList = 37B5D60D24FB05470050ACE8 /* Build configuration list for PBXProject "tip" */;
			compatibilityVersion = "Xcode 9.3";
			developmentRegion = en;
			hasScannedForEncodings = 0;
			knownRegions = (
				en,
				Base,
			);
			mainGroup = 37B5D60924FB05470050ACE8;
			productRefGroup = 37B5D61324FB05470050ACE8 /* Products */;
			projectDirPath = "";
			projectRoot = "";
			targets = (
				37B5D61124FB05470050ACE8 /* tip */,
				37B5D62724FB054E0050ACE8 /* tipTests */,
				37B5D63224FB054E0050ACE8 /* tipUITests */,
			);
		};
/* End PBXProject section */

/* Begin PBXResourcesBuildPhase section */
		37B5D61024FB05470050ACE8 /* Resources */ = {
			isa = PBXResourcesBuildPhase;
			buildActionMask = 2147483647;
			files = (
				37B5D62224FB054E0050ACE8 /* LaunchScreen.storyboard in Resources */,
				37B5D61F24FB054E0050ACE8 /* Assets.xcassets in Resources */,
				37B5D61D24FB05470050ACE8 /* Main.storyboard in Resources */,
			);
			runOnlyForDeploymentPostprocessing = 0;
		};
		37B5D62624FB054E0050ACE8 /* Resources */ = {
			isa = PBXResourcesBuildPhase;
			buildActionMask = 2147483647;
			files = (
			);
			runOnlyForDeploymentPostprocessing = 0;
		};
		37B5D63124FB054E0050ACE8 /* Resources */ = {
			isa = PBXResourcesBuildPhase;
			buildActionMask = 2147483647;
			files = (
			);
			runOnlyForDeploymentPostprocessing = 0;
		};
/* End PBXResourcesBuildPhase section */

/* Begin PBXSourcesBuildPhase section */
		37B5D60E24FB05470050ACE8 /* Sources */ = {
			isa = PBXSourcesBuildPhase;
			buildActionMask = 2147483647;
			files = (
				37B5D61A24FB05470050ACE8 /* ViewController.swift in Sources */,
				37B5D61624FB05470050ACE8 /* AppDelegate.swift in Sources */,
				37B5D61824FB05470050ACE8 /* SceneDelegate.swift in Sources */,
			);
			runOnlyForDeploymentPostprocessing = 0;
		};
		37B5D62424FB054E0050ACE8 /* Sources */ = {
			isa = PBXSourcesBuildPhase;
			buildActionMask = 2147483647;
			files = (
				37B5D62D24FB054E0050ACE8 /* tipTests.swift in Sources */,
			);
			runOnlyForDeploymentPostprocessing = 0;
		};
		37B5D62F24FB054E0050ACE8 /* Sources */ = {
			isa = PBXSourcesBuildPhase;
			buildActionMask = 2147483647;
			files = (
				37B5D63824FB054E0050ACE8 /* tipUITests.swift in Sources */,
			);
			runOnlyForDeploymentPostprocessing = 0;
		};
/* End PBXSourcesBuildPhase section */

/* Begin PBXTargetDependency section */
		37B5D62A24FB054E0050ACE8 /* PBXTargetDependency */ = {
			isa = PBXTargetDependency;
			target = 37B5D61124FB05470050ACE8 /* tip */;
			targetProxy = 37B5D62924FB054E0050ACE8 /* PBXContainerItemProxy */;
		};
		37B5D63524FB054E0050ACE8 /* PBXTargetDependency */ = {
			isa = PBXTargetDependency;
			target = 37B5D61124FB05470050ACE8 /* tip */;
			targetProxy = 37B5D63424FB054E0050ACE8 /* PBXContainerItemProxy */;
		};
/* End PBXTargetDependency section */

/* Begin PBXVariantGroup section */
		37B5D61B24FB05470050ACE8 /* Main.storyboard */ = {
			isa = PBXVariantGroup;
			children = (
				37B5D61C24FB05470050ACE8 /* Base */,
			);
			name = Main.storyboard;
			sourceTree = "<group>";
		};
		37B5D62024FB054E0050ACE8 /* LaunchScreen.storyboard */ = {
			isa = PBXVariantGroup;
			children = (
				37B5D62124FB054E0050ACE8 /* Base */,
			);
			name = LaunchScreen.storyboard;
			sourceTree = "<group>";
		};
/* End PBXVariantGroup section */

/* Begin XCBuildConfiguration section */
		37B5D63A24FB054E0050ACE8 /* Debug */ = {
			isa = XCBuildConfiguration;
			buildSettings = {
				ALWAYS_SEARCH_USER_PATHS = NO;
				CLANG_ANALYZER_NONNULL = YES;
				CLANG_ANALYZER_NUMBER_OBJECT_CONVERSION = YES_AGGRESSIVE;
				CLANG_CXX_LANGUAGE_STANDARD = "gnu++14";
				CLANG_CXX_LIBRARY = "libc++";
				CLANG_ENABLE_MODULES = YES;
				CLANG_ENABLE_OBJC_ARC = YES;
				CLANG_ENABLE_OBJC_WEAK = YES;
				CLANG_WARN_BLOCK_CAPTURE_AUTORELEASING = YES;
				CLANG_WARN_BOOL_CONVERSION = YES;
				CLANG_WARN_COMMA = YES;
				CLANG_WARN_CONSTANT_CONVERSION = YES;
				CLANG_WARN_DEPRECATED_OBJC_IMPLEMENTATIONS = YES;
				CLANG_WARN_DIRECT_OBJC_ISA_USAGE = YES_ERROR;
				CLANG_WARN_DOCUMENTATION_COMMENTS = YES;
				CLANG_WARN_EMPTY_BODY = YES;
				CLANG_WARN_ENUM_CONVERSION = YES;
				CLANG_WARN_INFINITE_RECURSION = YES;
				CLANG_WARN_INT_CONVERSION = YES;
				CLANG_WARN_NON_LITERAL_NULL_CONVERSION = YES;
				CLANG_WARN_OBJC_IMPLICIT_RETAIN_SELF = YES;
				CLANG_WARN_OBJC_LITERAL_CONVERSION = YES;
				CLANG_WARN_OBJC_ROOT_CLASS = YES_ERROR;
				CLANG_WARN_RANGE_LOOP_ANALYSIS = YES;
				CLANG_WARN_STRICT_PROTOTYPES = YES;
				CLANG_WARN_SUSPICIOUS_MOVE = YES;
				CLANG_WARN_UNGUARDED_AVAILABILITY = YES_AGGRESSIVE;
				CLANG_WARN_UNREACHABLE_CODE = YES;
				CLANG_WARN__DUPLICATE_METHOD_MATCH = YES;
				COPY_PHASE_STRIP = NO;
				DEBUG_INFORMATION_FORMAT = dwarf;
				ENABLE_STRICT_OBJC_MSGSEND = YES;
				ENABLE_TESTABILITY = YES;
				GCC_C_LANGUAGE_STANDARD = gnu11;
				GCC_DYNAMIC_NO_PIC = NO;
				GCC_NO_COMMON_BLOCKS = YES;
				GCC_OPTIMIZATION_LEVEL = 0;
				GCC_PREPROCESSOR_DEFINITIONS = (
					"DEBUG=1",
					"$(inherited)",
				);
				GCC_WARN_64_TO_32_BIT_CONVERSION = YES;
				GCC_WARN_ABOUT_RETURN_TYPE = YES_ERROR;
				GCC_WARN_UNDECLARED_SELECTOR = YES;
				GCC_WARN_UNINITIALIZED_AUTOS = YES_AGGRESSIVE;
				GCC_WARN_UNUSED_FUNCTION = YES;
				GCC_WARN_UNUSED_VARIABLE = YES;
				IPHONEOS_DEPLOYMENT_TARGET = 13.6;
				MTL_ENABLE_DEBUG_INFO = INCLUDE_SOURCE;
				MTL_FAST_MATH = YES;
				ONLY_ACTIVE_ARCH = YES;
				SDKROOT = iphoneos;
				SWIFT_ACTIVE_COMPILATION_CONDITIONS = DEBUG;
				SWIFT_OPTIMIZATION_LEVEL = "-Onone";
			};
			name = Debug;
		};
		37B5D63B24FB054E0050ACE8 /* Release */ = {
			isa = XCBuildConfiguration;
			buildSettings = {
				ALWAYS_SEARCH_USER_PATHS = NO;
				CLANG_ANALYZER_NONNULL = YES;
				CLANG_ANALYZER_NUMBER_OBJECT_CONVERSION = YES_AGGRESSIVE;
				CLANG_CXX_LANGUAGE_STANDARD = "gnu++14";
				CLANG_CXX_LIBRARY = "libc++";
				CLANG_ENABLE_MODULES = YES;
				CLANG_ENABLE_OBJC_ARC = YES;
				CLANG_ENABLE_OBJC_WEAK = YES;
				CLANG_WARN_BLOCK_CAPTURE_AUTORELEASING = YES;
				CLANG_WARN_BOOL_CONVERSION = YES;
				CLANG_WARN_COMMA = YES;
				CLANG_WARN_CONSTANT_CONVERSION = YES;
				CLANG_WARN_DEPRECATED_OBJC_IMPLEMENTATIONS = YES;
				CLANG_WARN_DIRECT_OBJC_ISA_USAGE = YES_ERROR;
				CLANG_WARN_DOCUMENTATION_COMMENTS = YES;
				CLANG_WARN_EMPTY_BODY = YES;
				CLANG_WARN_ENUM_CONVERSION = YES;
				CLANG_WARN_INFINITE_RECURSION = YES;
				CLANG_WARN_INT_CONVERSION = YES;
				CLANG_WARN_NON_LITERAL_NULL_CONVERSION = YES;
				CLANG_WARN_OBJC_IMPLICIT_RETAIN_SELF = YES;
				CLANG_WARN_OBJC_LITERAL_CONVERSION = YES;
				CLANG_WARN_OBJC_ROOT_CLASS = YES_ERROR;
				CLANG_WARN_RANGE_LOOP_ANALYSIS = YES;
				CLANG_WARN_STRICT_PROTOTYPES = YES;
				CLANG_WARN_SUSPICIOUS_MOVE = YES;
				CLANG_WARN_UNGUARDED_AVAILABILITY = YES_AGGRESSIVE;
				CLANG_WARN_UNREACHABLE_CODE = YES;
				CLANG_WARN__DUPLICATE_METHOD_MATCH = YES;
				COPY_PHASE_STRIP = NO;
				DEBUG_INFORMATION_FORMAT = "dwarf-with-dsym";
				ENABLE_NS_ASSERTIONS = NO;
				ENABLE_STRICT_OBJC_MSGSEND = YES;
				GCC_C_LANGUAGE_STANDARD = gnu11;
				GCC_NO_COMMON_BLOCKS = YES;
				GCC_WARN_64_TO_32_BIT_CONVERSION = YES;
				GCC_WARN_ABOUT_RETURN_TYPE = YES_ERROR;
				GCC_WARN_UNDECLARED_SELECTOR = YES;
				GCC_WARN_UNINITIALIZED_AUTOS = YES_AGGRESSIVE;
				GCC_WARN_UNUSED_FUNCTION = YES;
				GCC_WARN_UNUSED_VARIABLE = YES;
				IPHONEOS_DEPLOYMENT_TARGET = 13.6;
				MTL_ENABLE_DEBUG_INFO = NO;
				MTL_FAST_MATH = YES;
				SDKROOT = iphoneos;
				SWIFT_COMPILATION_MODE = wholemodule;
				SWIFT_OPTIMIZATION_LEVEL = "-O";
				VALIDATE_PRODUCT = YES;
			};
			name = Release;
		};
		37B5D63D24FB054E0050ACE8 /* Debug */ = {
			isa = XCBuildConfiguration;
			buildSettings = {
				ASSETCATALOG_COMPILER_APPICON_NAME = AppIcon;
				CODE_SIGN_STYLE = Automatic;
				INFOPLIST_FILE = tip/Info.plist;
				LD_RUNPATH_SEARCH_PATHS = (
					"$(inherited)",
					"@executable_path/Frameworks",
				);
				PRODUCT_BUNDLE_IDENTIFIER = Codepath.tip;
				PRODUCT_NAME = "$(TARGET_NAME)";
				SWIFT_VERSION = 5.0;
				TARGETED_DEVICE_FAMILY = "1,2";
			};
			name = Debug;
		};
		37B5D63E24FB054E0050ACE8 /* Release */ = {
			isa = XCBuildConfiguration;
			buildSettings = {
				ASSETCATALOG_COMPILER_APPICON_NAME = AppIcon;
				CODE_SIGN_STYLE = Automatic;
				INFOPLIST_FILE = tip/Info.plist;
				LD_RUNPATH_SEARCH_PATHS = (
					"$(inherited)",
					"@executable_path/Frameworks",
				);
				PRODUCT_BUNDLE_IDENTIFIER = Codepath.tip;
				PRODUCT_NAME = "$(TARGET_NAME)";
				SWIFT_VERSION = 5.0;
				TARGETED_DEVICE_FAMILY = "1,2";
			};
			name = Release;
		};
		37B5D64024FB054E0050ACE8 /* Debug */ = {
			isa = XCBuildConfiguration;
			buildSettings = {
				ALWAYS_EMBED_SWIFT_STANDARD_LIBRARIES = YES;
				BUNDLE_LOADER = "$(TEST_HOST)";
				CODE_SIGN_STYLE = Automatic;
				INFOPLIST_FILE = tipTests/Info.plist;
				IPHONEOS_DEPLOYMENT_TARGET = 13.6;
				LD_RUNPATH_SEARCH_PATHS = (
					"$(inherited)",
					"@executable_path/Frameworks",
					"@loader_path/Frameworks",
				);
				PRODUCT_BUNDLE_IDENTIFIER = Codepath.tipTests;
				PRODUCT_NAME = "$(TARGET_NAME)";
				SWIFT_VERSION = 5.0;
				TARGETED_DEVICE_FAMILY = "1,2";
				TEST_HOST = "$(BUILT_PRODUCTS_DIR)/tip.app/tip";
			};
			name = Debug;
		};
		37B5D64124FB054E0050ACE8 /* Release */ = {
			isa = XCBuildConfiguration;
			buildSettings = {
				ALWAYS_EMBED_SWIFT_STANDARD_LIBRARIES = YES;
				BUNDLE_LOADER = "$(TEST_HOST)";
				CODE_SIGN_STYLE = Automatic;
				INFOPLIST_FILE = tipTests/Info.plist;
				IPHONEOS_DEPLOYMENT_TARGET = 13.6;
				LD_RUNPATH_SEARCH_PATHS = (
					"$(inherited)",
					"@executable_path/Frameworks",
					"@loader_path/Frameworks",
				);
				PRODUCT_BUNDLE_IDENTIFIER = Codepath.tipTests;
				PRODUCT_NAME = "$(TARGET_NAME)";
				SWIFT_VERSION = 5.0;
				TARGETED_DEVICE_FAMILY = "1,2";
				TEST_HOST = "$(BUILT_PRODUCTS_DIR)/tip.app/tip";
			};
			name = Release;
		};
		37B5D64324FB054E0050ACE8 /* Debug */ = {
			isa = XCBuildConfiguration;
			buildSettings = {
				ALWAYS_EMBED_SWIFT_STANDARD_LIBRARIES = YES;
				CODE_SIGN_STYLE = Automatic;
				INFOPLIST_FILE = tipUITests/Info.plist;
				LD_RUNPATH_SEARCH_PATHS = (
					"$(inherited)",
					"@executable_path/Frameworks",
					"@loader_path/Frameworks",
				);
				PRODUCT_BUNDLE_IDENTIFIER = Codepath.tipUITests;
				PRODUCT_NAME = "$(TARGET_NAME)";
				SWIFT_VERSION = 5.0;
				TARGETED_DEVICE_FAMILY = "1,2";
				TEST_TARGET_NAME = tip;
			};
			name = Debug;
		};
		37B5D64424FB054E0050ACE8 /* Release */ = {
			isa = XCBuildConfiguration;
			buildSettings = {
				ALWAYS_EMBED_SWIFT_STANDARD_LIBRARIES = YES;
				CODE_SIGN_STYLE = Automatic;
				INFOPLIST_FILE = tipUITests/Info.plist;
				LD_RUNPATH_SEARCH_PATHS = (
					"$(inherited)",
					"@executable_path/Frameworks",
					"@loader_path/Frameworks",
				);
				PRODUCT_BUNDLE_IDENTIFIER = Codepath.tipUITests;
				PRODUCT_NAME = "$(TARGET_NAME)";
				SWIFT_VERSION = 5.0;
				TARGETED_DEVICE_FAMILY = "1,2";
				TEST_TARGET_NAME = tip;
			};
			name = Release;
		};
/* End XCBuildConfiguration section */

/* Begin XCConfigurationList section */
		37B5D60D24FB05470050ACE8 /* Build configuration list for PBXProject "tip" */ = {
			isa = XCConfigurationList;
			buildConfigurations = (
				37B5D63A24FB054E0050ACE8 /* Debug */,
				37B5D63B24FB054E0050ACE8 /* Release */,
			);
			defaultConfigurationIsVisible = 0;
			defaultConfigurationName = Release;
		};
		37B5D63C24FB054E0050ACE8 /* Build configuration list for PBXNativeTarget "tip" */ = {
			isa = XCConfigurationList;
			buildConfigurations = (
				37B5D63D24FB054E0050ACE8 /* Debug */,
				37B5D63E24FB054E0050ACE8 /* Release */,
			);
			defaultConfigurationIsVisible = 0;
			defaultConfigurationName = Release;
		};
		37B5D63F24FB054E0050ACE8 /* Build configuration list for PBXNativeTarget "tipTests" */ = {
			isa = XCConfigurationList;
			buildConfigurations = (
				37B5D64024FB054E0050ACE8 /* Debug */,
				37B5D64124FB054E0050ACE8 /* Release */,
			);
			defaultConfigurationIsVisible = 0;
			defaultConfigurationName = Release;
		};
		37B5D64224FB054E0050ACE8 /* Build configuration list for PBXNativeTarget "tipUITests" */ = {
			isa = XCConfigurationList;
			buildConfigurations = (
				37B5D64324FB054E0050ACE8 /* Debug */,
				37B5D64424FB054E0050ACE8 /* Release */,
			);
			defaultConfigurationIsVisible = 0;
			defaultConfigurationName = Release;
		};
/* End XCConfigurationList section */
	};
	rootObject = 37B5D60A24FB05470050ACE8 /* Project object */;
}
